// !$*UTF8*$!
{
	archiveVersion = 1;
	classes = {
	};
	objectVersion = 50;
	objects = {

/* Begin PBXBuildFile section */
		962370F02479A2EF0002C75C /* libMpvPlayer.h in Headers */ = {isa = PBXBuildFile; fileRef = 962370EE2479A2EF0002C75C /* libMpvPlayer.h */; settings = {ATTRIBUTES = (Public, ); }; };
		962371E82479A4EF0002C75C /* MpvClientOGLView.h in Headers */ = {isa = PBXBuildFile; fileRef = 962371E62479A4EF0002C75C /* MpvClientOGLView.h */; };
		962371E92479A4EF0002C75C /* MpvClientOGLView.m in Sources */ = {isa = PBXBuildFile; fileRef = 962371E72479A4EF0002C75C /* MpvClientOGLView.m */; };
		962371F02479A6730002C75C /* libz.tbd in Frameworks */ = {isa = PBXBuildFile; fileRef = 962371EF2479A6730002C75C /* libz.tbd */; };
		962371F22479A67B0002C75C /* libbz2.tbd in Frameworks */ = {isa = PBXBuildFile; fileRef = 962371F12479A67B0002C75C /* libbz2.tbd */; };
		962371F42479A6840002C75C /* libiconv.tbd in Frameworks */ = {isa = PBXBuildFile; fileRef = 962371F32479A6840002C75C /* libiconv.tbd */; };
		962371F62479A6960002C75C /* libc++abi.tbd in Frameworks */ = {isa = PBXBuildFile; fileRef = 962371F52479A6960002C75C /* libc++abi.tbd */; };
		962371F82479A6A10002C75C /* libc.tbd in Frameworks */ = {isa = PBXBuildFile; fileRef = 962371F72479A6A10002C75C /* libc.tbd */; };
		962371FA2479A6B00002C75C /* libc++.tbd in Frameworks */ = {isa = PBXBuildFile; fileRef = 962371F92479A6B00002C75C /* libc++.tbd */; };
		962373502479C2DF0002C75C /* client.h in Headers */ = {isa = PBXBuildFile; fileRef = 9623734E2479C2DF0002C75C /* client.h */; };
		962373512479C2DF0002C75C /* opengl_cb.h in Headers */ = {isa = PBXBuildFile; fileRef = 9623734F2479C2DF0002C75C /* opengl_cb.h */; };
		962373912479CC100002C75C /* libaom.a in Frameworks */ = {isa = PBXBuildFile; fileRef = 962373532479CC100002C75C /* libaom.a */; };
		962373922479CC100002C75C /* libass.a in Frameworks */ = {isa = PBXBuildFile; fileRef = 962373542479CC100002C75C /* libass.a */; };
		962373932479CC100002C75C /* libavcodec.a in Frameworks */ = {isa = PBXBuildFile; fileRef = 962373552479CC100002C75C /* libavcodec.a */; };
		962373942479CC100002C75C /* libavdevice.a in Frameworks */ = {isa = PBXBuildFile; fileRef = 962373562479CC100002C75C /* libavdevice.a */; };
		962373952479CC100002C75C /* libavfilter.a in Frameworks */ = {isa = PBXBuildFile; fileRef = 962373572479CC100002C75C /* libavfilter.a */; };
		962373962479CC100002C75C /* libavformat.a in Frameworks */ = {isa = PBXBuildFile; fileRef = 962373582479CC100002C75C /* libavformat.a */; };
		962373972479CC100002C75C /* libavutil.a in Frameworks */ = {isa = PBXBuildFile; fileRef = 962373592479CC100002C75C /* libavutil.a */; };
		962373982479CC100002C75C /* libchromaprint.a in Frameworks */ = {isa = PBXBuildFile; fileRef = 9623735A2479CC100002C75C /* libchromaprint.a */; };
		962373992479CC100002C75C /* libexpat.a in Frameworks */ = {isa = PBXBuildFile; fileRef = 9623735B2479CC100002C75C /* libexpat.a */; };
		9623739A2479CC100002C75C /* libfontconfig.a in Frameworks */ = {isa = PBXBuildFile; fileRef = 9623735C2479CC100002C75C /* libfontconfig.a */; };
		9623739B2479CC100002C75C /* libfreetype.a in Frameworks */ = {isa = PBXBuildFile; fileRef = 9623735D2479CC100002C75C /* libfreetype.a */; };
		9623739C2479CC100002C75C /* libfribidi.a in Frameworks */ = {isa = PBXBuildFile; fileRef = 9623735E2479CC100002C75C /* libfribidi.a */; };
		9623739D2479CC100002C75C /* libgif.a in Frameworks */ = {isa = PBXBuildFile; fileRef = 9623735F2479CC100002C75C /* libgif.a */; };
		9623739E2479CC100002C75C /* libgmp.a in Frameworks */ = {isa = PBXBuildFile; fileRef = 962373602479CC100002C75C /* libgmp.a */; };
		9623739F2479CC100002C75C /* libgnutls.a in Frameworks */ = {isa = PBXBuildFile; fileRef = 962373612479CC100002C75C /* libgnutls.a */; };
		962373A02479CC100002C75C /* libgnutlsxx.a in Frameworks */ = {isa = PBXBuildFile; fileRef = 962373622479CC100002C75C /* libgnutlsxx.a */; };
		962373A12479CC100002C75C /* libharfbuzz.a in Frameworks */ = {isa = PBXBuildFile; fileRef = 962373632479CC100002C75C /* libharfbuzz.a */; };
		962373A22479CC100002C75C /* libhogweed.a in Frameworks */ = {isa = PBXBuildFile; fileRef = 962373642479CC100002C75C /* libhogweed.a */; };
		962373A32479CC100002C75C /* libilbc.a in Frameworks */ = {isa = PBXBuildFile; fileRef = 962373652479CC100002C75C /* libilbc.a */; };
		962373A42479CC100002C75C /* libjpeg.a in Frameworks */ = {isa = PBXBuildFile; fileRef = 962373662479CC100002C75C /* libjpeg.a */; };
		962373A52479CC100002C75C /* libkvazaar.a in Frameworks */ = {isa = PBXBuildFile; fileRef = 962373672479CC100002C75C /* libkvazaar.a */; };
		962373A62479CC100002C75C /* liblept.a in Frameworks */ = {isa = PBXBuildFile; fileRef = 962373682479CC100002C75C /* liblept.a */; };
		962373A72479CC100002C75C /* libmp3lame.a in Frameworks */ = {isa = PBXBuildFile; fileRef = 962373692479CC100002C75C /* libmp3lame.a */; };
		962373A82479CC100002C75C /* libmpv.a in Frameworks */ = {isa = PBXBuildFile; fileRef = 9623736A2479CC100002C75C /* libmpv.a */; };
		962373A92479CC100002C75C /* libnettle.a in Frameworks */ = {isa = PBXBuildFile; fileRef = 9623736B2479CC100002C75C /* libnettle.a */; };
		962373AA2479CC100002C75C /* libogg.a in Frameworks */ = {isa = PBXBuildFile; fileRef = 9623736C2479CC100002C75C /* libogg.a */; };
		962373AB2479CC100002C75C /* libopencore-amrnb.a in Frameworks */ = {isa = PBXBuildFile; fileRef = 9623736D2479CC100002C75C /* libopencore-amrnb.a */; };
		962373AC2479CC100002C75C /* libopencore-amrwb.a in Frameworks */ = {isa = PBXBuildFile; fileRef = 9623736E2479CC100002C75C /* libopencore-amrwb.a */; };
		962373AD2479CC100002C75C /* libopenh264.a in Frameworks */ = {isa = PBXBuildFile; fileRef = 9623736F2479CC100002C75C /* libopenh264.a */; };
		962373AE2479CC100002C75C /* libopus.a in Frameworks */ = {isa = PBXBuildFile; fileRef = 962373702479CC100002C75C /* libopus.a */; };
		962373AF2479CC100002C75C /* libpng.a in Frameworks */ = {isa = PBXBuildFile; fileRef = 962373712479CC100002C75C /* libpng.a */; };
		962373B02479CC100002C75C /* libpng16.a in Frameworks */ = {isa = PBXBuildFile; fileRef = 962373722479CC100002C75C /* libpng16.a */; };
		962373B12479CC100002C75C /* librubberband.a in Frameworks */ = {isa = PBXBuildFile; fileRef = 962373732479CC100002C75C /* librubberband.a */; };
		962373B22479CC100002C75C /* libsamplerate.a in Frameworks */ = {isa = PBXBuildFile; fileRef = 962373742479CC100002C75C /* libsamplerate.a */; };
		962373B32479CC100002C75C /* libSDL2.a in Frameworks */ = {isa = PBXBuildFile; fileRef = 962373752479CC100002C75C /* libSDL2.a */; };
		962373B42479CC100002C75C /* libSDL2_test.a in Frameworks */ = {isa = PBXBuildFile; fileRef = 962373762479CC100002C75C /* libSDL2_test.a */; };
		962373B52479CC100002C75C /* libSDL2main.a in Frameworks */ = {isa = PBXBuildFile; fileRef = 962373772479CC100002C75C /* libSDL2main.a */; };
		962373B62479CC100002C75C /* libshine.a in Frameworks */ = {isa = PBXBuildFile; fileRef = 962373782479CC100002C75C /* libshine.a */; };
		962373B72479CC100002C75C /* libsnappy.a in Frameworks */ = {isa = PBXBuildFile; fileRef = 962373792479CC100002C75C /* libsnappy.a */; };
		962373B82479CC100002C75C /* libsndfile.a in Frameworks */ = {isa = PBXBuildFile; fileRef = 9623737A2479CC100002C75C /* libsndfile.a */; };
		962373B92479CC100002C75C /* libsoxr.a in Frameworks */ = {isa = PBXBuildFile; fileRef = 9623737B2479CC100002C75C /* libsoxr.a */; };
		962373BA2479CC100002C75C /* libswresample.a in Frameworks */ = {isa = PBXBuildFile; fileRef = 9623737C2479CC100002C75C /* libswresample.a */; };
		962373BB2479CC100002C75C /* libswscale.a in Frameworks */ = {isa = PBXBuildFile; fileRef = 9623737D2479CC100002C75C /* libswscale.a */; };
		962373BC2479CC100002C75C /* libtesseract.a in Frameworks */ = {isa = PBXBuildFile; fileRef = 9623737E2479CC100002C75C /* libtesseract.a */; };
		962373BD2479CC100002C75C /* libtheora.a in Frameworks */ = {isa = PBXBuildFile; fileRef = 9623737F2479CC100002C75C /* libtheora.a */; };
		962373BE2479CC100002C75C /* libtheoradec.a in Frameworks */ = {isa = PBXBuildFile; fileRef = 962373802479CC100002C75C /* libtheoradec.a */; };
		962373BF2479CC100002C75C /* libtheoraenc.a in Frameworks */ = {isa = PBXBuildFile; fileRef = 962373812479CC100002C75C /* libtheoraenc.a */; };
		962373C02479CC100002C75C /* libtiff.a in Frameworks */ = {isa = PBXBuildFile; fileRef = 962373822479CC100002C75C /* libtiff.a */; };
		962373C12479CC100002C75C /* libtwolame.a in Frameworks */ = {isa = PBXBuildFile; fileRef = 962373832479CC100002C75C /* libtwolame.a */; };
		962373C22479CC100002C75C /* libuchardet.a in Frameworks */ = {isa = PBXBuildFile; fileRef = 962373842479CC100002C75C /* libuchardet.a */; };
		962373C32479CC100002C75C /* libvidstab.a in Frameworks */ = {isa = PBXBuildFile; fileRef = 962373852479CC100002C75C /* libvidstab.a */; };
		962373C42479CC100002C75C /* libvorbis.a in Frameworks */ = {isa = PBXBuildFile; fileRef = 962373862479CC100002C75C /* libvorbis.a */; };
		962373C52479CC100002C75C /* libvorbisenc.a in Frameworks */ = {isa = PBXBuildFile; fileRef = 962373872479CC100002C75C /* libvorbisenc.a */; };
		962373C62479CC100002C75C /* libvorbisfile.a in Frameworks */ = {isa = PBXBuildFile; fileRef = 962373882479CC100002C75C /* libvorbisfile.a */; };
		962373C72479CC100002C75C /* libvpx.a in Frameworks */ = {isa = PBXBuildFile; fileRef = 962373892479CC100002C75C /* libvpx.a */; };
		962373C82479CC100002C75C /* libwavpack.a in Frameworks */ = {isa = PBXBuildFile; fileRef = 9623738A2479CC100002C75C /* libwavpack.a */; };
		962373C92479CC100002C75C /* libwebp.a in Frameworks */ = {isa = PBXBuildFile; fileRef = 9623738B2479CC100002C75C /* libwebp.a */; };
		962373CA2479CC100002C75C /* libwebpdemux.a in Frameworks */ = {isa = PBXBuildFile; fileRef = 9623738C2479CC100002C75C /* libwebpdemux.a */; };
		962373CB2479CC100002C75C /* libwebpmux.a in Frameworks */ = {isa = PBXBuildFile; fileRef = 9623738D2479CC100002C75C /* libwebpmux.a */; };
		962373CC2479CC100002C75C /* libx264.a in Frameworks */ = {isa = PBXBuildFile; fileRef = 9623738E2479CC100002C75C /* libx264.a */; };
		962373CD2479CC100002C75C /* libxml2.a in Frameworks */ = {isa = PBXBuildFile; fileRef = 9623738F2479CC100002C75C /* libxml2.a */; };
		962373CE2479CC100002C75C /* libxvidcore.a in Frameworks */ = {isa = PBXBuildFile; fileRef = 962373902479CC100002C75C /* libxvidcore.a */; };
/* End PBXBuildFile section */

/* Begin PBXFileReference section */
		962370EB2479A2EF0002C75C /* libMpvPlayer.framework */ = {isa = PBXFileReference; explicitFileType = wrapper.framework; includeInIndex = 0; path = libMpvPlayer.framework; sourceTree = BUILT_PRODUCTS_DIR; };
		962370EE2479A2EF0002C75C /* libMpvPlayer.h */ = {isa = PBXFileReference; lastKnownFileType = sourcecode.c.h; path = libMpvPlayer.h; sourceTree = "<group>"; };
		962370EF2479A2EF0002C75C /* Info.plist */ = {isa = PBXFileReference; lastKnownFileType = text.plist.xml; path = Info.plist; sourceTree = "<group>"; };
		962371E62479A4EF0002C75C /* MpvClientOGLView.h */ = {isa = PBXFileReference; fileEncoding = 4; lastKnownFileType = sourcecode.c.h; name = MpvClientOGLView.h; path = libMpvPlayer/MpvClientOGLView.h; sourceTree = "<group>"; };
		962371E72479A4EF0002C75C /* MpvClientOGLView.m */ = {isa = PBXFileReference; fileEncoding = 4; lastKnownFileType = sourcecode.c.objc; name = MpvClientOGLView.m; path = libMpvPlayer/MpvClientOGLView.m; sourceTree = "<group>"; };
		962371EB2479A6470002C75C /* Accelerate.framework */ = {isa = PBXFileReference; lastKnownFileType = wrapper.framework; name = Accelerate.framework; path = Platforms/MacOSX.platform/Developer/SDKs/MacOSX10.14.sdk/System/Library/Frameworks/Accelerate.framework; sourceTree = DEVELOPER_DIR; };
		962371ED2479A6600002C75C /* GameController.framework */ = {isa = PBXFileReference; lastKnownFileType = wrapper.framework; name = GameController.framework; path = Platforms/MacOSX.platform/Developer/SDKs/MacOSX10.14.sdk/System/Library/Frameworks/GameController.framework; sourceTree = DEVELOPER_DIR; };
		962371EF2479A6730002C75C /* libz.tbd */ = {isa = PBXFileReference; lastKnownFileType = "sourcecode.text-based-dylib-definition"; name = libz.tbd; path = Platforms/MacOSX.platform/Developer/SDKs/MacOSX10.14.sdk/usr/lib/libz.tbd; sourceTree = DEVELOPER_DIR; };
		962371F12479A67B0002C75C /* libbz2.tbd */ = {isa = PBXFileReference; lastKnownFileType = "sourcecode.text-based-dylib-definition"; name = libbz2.tbd; path = Platforms/MacOSX.platform/Developer/SDKs/MacOSX10.14.sdk/usr/lib/libbz2.tbd; sourceTree = DEVELOPER_DIR; };
		962371F32479A6840002C75C /* libiconv.tbd */ = {isa = PBXFileReference; lastKnownFileType = "sourcecode.text-based-dylib-definition"; name = libiconv.tbd; path = Platforms/MacOSX.platform/Developer/SDKs/MacOSX10.14.sdk/usr/lib/libiconv.tbd; sourceTree = DEVELOPER_DIR; };
		962371F52479A6960002C75C /* libc++abi.tbd */ = {isa = PBXFileReference; lastKnownFileType = "sourcecode.text-based-dylib-definition"; name = "libc++abi.tbd"; path = "Platforms/MacOSX.platform/Developer/SDKs/MacOSX10.14.sdk/usr/lib/libc++abi.tbd"; sourceTree = DEVELOPER_DIR; };
		962371F72479A6A10002C75C /* libc.tbd */ = {isa = PBXFileReference; lastKnownFileType = "sourcecode.text-based-dylib-definition"; name = libc.tbd; path = Platforms/MacOSX.platform/Developer/SDKs/MacOSX10.14.sdk/usr/lib/libc.tbd; sourceTree = DEVELOPER_DIR; };
		962371F92479A6B00002C75C /* libc++.tbd */ = {isa = PBXFileReference; lastKnownFileType = "sourcecode.text-based-dylib-definition"; name = "libc++.tbd"; path = "Platforms/MacOSX.platform/Developer/SDKs/MacOSX10.14.sdk/usr/lib/libc++.tbd"; sourceTree = DEVELOPER_DIR; };
		962371FB2479A6BC0002C75C /* AVFoundation.framework */ = {isa = PBXFileReference; lastKnownFileType = wrapper.framework; name = AVFoundation.framework; path = Platforms/MacOSX.platform/Developer/SDKs/MacOSX10.14.sdk/System/Library/Frameworks/AVFoundation.framework; sourceTree = DEVELOPER_DIR; };
		962371FD2479A6CE0002C75C /* CoreMotion.framework */ = {isa = PBXFileReference; lastKnownFileType = wrapper.framework; name = CoreMotion.framework; path = Platforms/MacOSX.platform/Developer/SDKs/MacOSX10.14.sdk/System/Library/Frameworks/CoreMotion.framework; sourceTree = DEVELOPER_DIR; };
		962371FF2479A6DA0002C75C /* VideoToolbox.framework */ = {isa = PBXFileReference; lastKnownFileType = wrapper.framework; name = VideoToolbox.framework; path = Platforms/MacOSX.platform/Developer/SDKs/MacOSX10.14.sdk/System/Library/Frameworks/VideoToolbox.framework; sourceTree = DEVELOPER_DIR; };
		962372012479A6E20002C75C /* AudioToolbox.framework */ = {isa = PBXFileReference; lastKnownFileType = wrapper.framework; name = AudioToolbox.framework; path = Platforms/MacOSX.platform/Developer/SDKs/MacOSX10.14.sdk/System/Library/Frameworks/AudioToolbox.framework; sourceTree = DEVELOPER_DIR; };
		9623734E2479C2DF0002C75C /* client.h */ = {isa = PBXFileReference; fileEncoding = 4; lastKnownFileType = sourcecode.c.h; path = client.h; sourceTree = "<group>"; };
		9623734F2479C2DF0002C75C /* opengl_cb.h */ = {isa = PBXFileReference; fileEncoding = 4; lastKnownFileType = sourcecode.c.h; path = opengl_cb.h; sourceTree = "<group>"; };
		962373532479CC100002C75C /* libaom.a */ = {isa = PBXFileReference; lastKnownFileType = archive.ar; path = libaom.a; sourceTree = "<group>"; };
		962373542479CC100002C75C /* libass.a */ = {isa = PBXFileReference; lastKnownFileType = archive.ar; path = libass.a; sourceTree = "<group>"; };
		962373552479CC100002C75C /* libavcodec.a */ = {isa = PBXFileReference; lastKnownFileType = archive.ar; path = libavcodec.a; sourceTree = "<group>"; };
		962373562479CC100002C75C /* libavdevice.a */ = {isa = PBXFileReference; lastKnownFileType = archive.ar; path = libavdevice.a; sourceTree = "<group>"; };
		962373572479CC100002C75C /* libavfilter.a */ = {isa = PBXFileReference; lastKnownFileType = archive.ar; path = libavfilter.a; sourceTree = "<group>"; };
		962373582479CC100002C75C /* libavformat.a */ = {isa = PBXFileReference; lastKnownFileType = archive.ar; path = libavformat.a; sourceTree = "<group>"; };
		962373592479CC100002C75C /* libavutil.a */ = {isa = PBXFileReference; lastKnownFileType = archive.ar; path = libavutil.a; sourceTree = "<group>"; };
		9623735A2479CC100002C75C /* libchromaprint.a */ = {isa = PBXFileReference; lastKnownFileType = archive.ar; path = libchromaprint.a; sourceTree = "<group>"; };
		9623735B2479CC100002C75C /* libexpat.a */ = {isa = PBXFileReference; lastKnownFileType = archive.ar; path = libexpat.a; sourceTree = "<group>"; };
		9623735C2479CC100002C75C /* libfontconfig.a */ = {isa = PBXFileReference; lastKnownFileType = archive.ar; path = libfontconfig.a; sourceTree = "<group>"; };
		9623735D2479CC100002C75C /* libfreetype.a */ = {isa = PBXFileReference; lastKnownFileType = archive.ar; path = libfreetype.a; sourceTree = "<group>"; };
		9623735E2479CC100002C75C /* libfribidi.a */ = {isa = PBXFileReference; lastKnownFileType = archive.ar; path = libfribidi.a; sourceTree = "<group>"; };
		9623735F2479CC100002C75C /* libgif.a */ = {isa = PBXFileReference; lastKnownFileType = archive.ar; path = libgif.a; sourceTree = "<group>"; };
		962373602479CC100002C75C /* libgmp.a */ = {isa = PBXFileReference; lastKnownFileType = archive.ar; path = libgmp.a; sourceTree = "<group>"; };
		962373612479CC100002C75C /* libgnutls.a */ = {isa = PBXFileReference; lastKnownFileType = archive.ar; path = libgnutls.a; sourceTree = "<group>"; };
		962373622479CC100002C75C /* libgnutlsxx.a */ = {isa = PBXFileReference; lastKnownFileType = archive.ar; path = libgnutlsxx.a; sourceTree = "<group>"; };
		962373632479CC100002C75C /* libharfbuzz.a */ = {isa = PBXFileReference; lastKnownFileType = archive.ar; path = libharfbuzz.a; sourceTree = "<group>"; };
		962373642479CC100002C75C /* libhogweed.a */ = {isa = PBXFileReference; lastKnownFileType = archive.ar; path = libhogweed.a; sourceTree = "<group>"; };
		962373652479CC100002C75C /* libilbc.a */ = {isa = PBXFileReference; lastKnownFileType = archive.ar; path = libilbc.a; sourceTree = "<group>"; };
		962373662479CC100002C75C /* libjpeg.a */ = {isa = PBXFileReference; lastKnownFileType = archive.ar; path = libjpeg.a; sourceTree = "<group>"; };
		962373672479CC100002C75C /* libkvazaar.a */ = {isa = PBXFileReference; lastKnownFileType = archive.ar; path = libkvazaar.a; sourceTree = "<group>"; };
		962373682479CC100002C75C /* liblept.a */ = {isa = PBXFileReference; lastKnownFileType = archive.ar; path = liblept.a; sourceTree = "<group>"; };
		962373692479CC100002C75C /* libmp3lame.a */ = {isa = PBXFileReference; lastKnownFileType = archive.ar; path = libmp3lame.a; sourceTree = "<group>"; };
		9623736A2479CC100002C75C /* libmpv.a */ = {isa = PBXFileReference; lastKnownFileType = archive.ar; path = libmpv.a; sourceTree = "<group>"; };
		9623736B2479CC100002C75C /* libnettle.a */ = {isa = PBXFileReference; lastKnownFileType = archive.ar; path = libnettle.a; sourceTree = "<group>"; };
		9623736C2479CC100002C75C /* libogg.a */ = {isa = PBXFileReference; lastKnownFileType = archive.ar; path = libogg.a; sourceTree = "<group>"; };
		9623736D2479CC100002C75C /* libopencore-amrnb.a */ = {isa = PBXFileReference; lastKnownFileType = archive.ar; path = "libopencore-amrnb.a"; sourceTree = "<group>"; };
		9623736E2479CC100002C75C /* libopencore-amrwb.a */ = {isa = PBXFileReference; lastKnownFileType = archive.ar; path = "libopencore-amrwb.a"; sourceTree = "<group>"; };
		9623736F2479CC100002C75C /* libopenh264.a */ = {isa = PBXFileReference; lastKnownFileType = archive.ar; path = libopenh264.a; sourceTree = "<group>"; };
		962373702479CC100002C75C /* libopus.a */ = {isa = PBXFileReference; lastKnownFileType = archive.ar; path = libopus.a; sourceTree = "<group>"; };
		962373712479CC100002C75C /* libpng.a */ = {isa = PBXFileReference; lastKnownFileType = archive.ar; path = libpng.a; sourceTree = "<group>"; };
		962373722479CC100002C75C /* libpng16.a */ = {isa = PBXFileReference; lastKnownFileType = archive.ar; path = libpng16.a; sourceTree = "<group>"; };
		962373732479CC100002C75C /* librubberband.a */ = {isa = PBXFileReference; lastKnownFileType = archive.ar; path = librubberband.a; sourceTree = "<group>"; };
		962373742479CC100002C75C /* libsamplerate.a */ = {isa = PBXFileReference; lastKnownFileType = archive.ar; path = libsamplerate.a; sourceTree = "<group>"; };
		962373752479CC100002C75C /* libSDL2.a */ = {isa = PBXFileReference; lastKnownFileType = archive.ar; path = libSDL2.a; sourceTree = "<group>"; };
		962373762479CC100002C75C /* libSDL2_test.a */ = {isa = PBXFileReference; lastKnownFileType = archive.ar; path = libSDL2_test.a; sourceTree = "<group>"; };
		962373772479CC100002C75C /* libSDL2main.a */ = {isa = PBXFileReference; lastKnownFileType = archive.ar; path = libSDL2main.a; sourceTree = "<group>"; };
		962373782479CC100002C75C /* libshine.a */ = {isa = PBXFileReference; lastKnownFileType = archive.ar; path = libshine.a; sourceTree = "<group>"; };
		962373792479CC100002C75C /* libsnappy.a */ = {isa = PBXFileReference; lastKnownFileType = archive.ar; path = libsnappy.a; sourceTree = "<group>"; };
		9623737A2479CC100002C75C /* libsndfile.a */ = {isa = PBXFileReference; lastKnownFileType = archive.ar; path = libsndfile.a; sourceTree = "<group>"; };
		9623737B2479CC100002C75C /* libsoxr.a */ = {isa = PBXFileReference; lastKnownFileType = archive.ar; path = libsoxr.a; sourceTree = "<group>"; };
		9623737C2479CC100002C75C /* libswresample.a */ = {isa = PBXFileReference; lastKnownFileType = archive.ar; path = libswresample.a; sourceTree = "<group>"; };
		9623737D2479CC100002C75C /* libswscale.a */ = {isa = PBXFileReference; lastKnownFileType = archive.ar; path = libswscale.a; sourceTree = "<group>"; };
		9623737E2479CC100002C75C /* libtesseract.a */ = {isa = PBXFileReference; lastKnownFileType = archive.ar; path = libtesseract.a; sourceTree = "<group>"; };
		9623737F2479CC100002C75C /* libtheora.a */ = {isa = PBXFileReference; lastKnownFileType = archive.ar; path = libtheora.a; sourceTree = "<group>"; };
		962373802479CC100002C75C /* libtheoradec.a */ = {isa = PBXFileReference; lastKnownFileType = archive.ar; path = libtheoradec.a; sourceTree = "<group>"; };
		962373812479CC100002C75C /* libtheoraenc.a */ = {isa = PBXFileReference; lastKnownFileType = archive.ar; path = libtheoraenc.a; sourceTree = "<group>"; };
		962373822479CC100002C75C /* libtiff.a */ = {isa = PBXFileReference; lastKnownFileType = archive.ar; path = libtiff.a; sourceTree = "<group>"; };
		962373832479CC100002C75C /* libtwolame.a */ = {isa = PBXFileReference; lastKnownFileType = archive.ar; path = libtwolame.a; sourceTree = "<group>"; };
		962373842479CC100002C75C /* libuchardet.a */ = {isa = PBXFileReference; lastKnownFileType = archive.ar; path = libuchardet.a; sourceTree = "<group>"; };
		962373852479CC100002C75C /* libvidstab.a */ = {isa = PBXFileReference; lastKnownFileType = archive.ar; path = libvidstab.a; sourceTree = "<group>"; };
		962373862479CC100002C75C /* libvorbis.a */ = {isa = PBXFileReference; lastKnownFileType = archive.ar; path = libvorbis.a; sourceTree = "<group>"; };
		962373872479CC100002C75C /* libvorbisenc.a */ = {isa = PBXFileReference; lastKnownFileType = archive.ar; path = libvorbisenc.a; sourceTree = "<group>"; };
		962373882479CC100002C75C /* libvorbisfile.a */ = {isa = PBXFileReference; lastKnownFileType = archive.ar; path = libvorbisfile.a; sourceTree = "<group>"; };
		962373892479CC100002C75C /* libvpx.a */ = {isa = PBXFileReference; lastKnownFileType = archive.ar; path = libvpx.a; sourceTree = "<group>"; };
		9623738A2479CC100002C75C /* libwavpack.a */ = {isa = PBXFileReference; lastKnownFileType = archive.ar; path = libwavpack.a; sourceTree = "<group>"; };
		9623738B2479CC100002C75C /* libwebp.a */ = {isa = PBXFileReference; lastKnownFileType = archive.ar; path = libwebp.a; sourceTree = "<group>"; };
		9623738C2479CC100002C75C /* libwebpdemux.a */ = {isa = PBXFileReference; lastKnownFileType = archive.ar; path = libwebpdemux.a; sourceTree = "<group>"; };
		9623738D2479CC100002C75C /* libwebpmux.a */ = {isa = PBXFileReference; lastKnownFileType = archive.ar; path = libwebpmux.a; sourceTree = "<group>"; };
		9623738E2479CC100002C75C /* libx264.a */ = {isa = PBXFileReference; lastKnownFileType = archive.ar; path = libx264.a; sourceTree = "<group>"; };
		9623738F2479CC100002C75C /* libxml2.a */ = {isa = PBXFileReference; lastKnownFileType = archive.ar; path = libxml2.a; sourceTree = "<group>"; };
		962373902479CC100002C75C /* libxvidcore.a */ = {isa = PBXFileReference; lastKnownFileType = archive.ar; path = libxvidcore.a; sourceTree = "<group>"; };
/* End PBXFileReference section */

/* Begin PBXFrameworksBuildPhase section */
		962370E82479A2EF0002C75C /* Frameworks */ = {
			isa = PBXFrameworksBuildPhase;
			buildActionMask = 2147483647;
			files = (
				962373B72479CC100002C75C /* libsnappy.a in Frameworks */,
				962373A02479CC100002C75C /* libgnutlsxx.a in Frameworks */,
				962373A32479CC100002C75C /* libilbc.a in Frameworks */,
				962373AE2479CC100002C75C /* libopus.a in Frameworks */,
				962373AF2479CC100002C75C /* libpng.a in Frameworks */,
				962373952479CC100002C75C /* libavfilter.a in Frameworks */,
				962373CE2479CC100002C75C /* libxvidcore.a in Frameworks */,
				962373C72479CC100002C75C /* libvpx.a in Frameworks */,
				9623739E2479CC100002C75C /* libgmp.a in Frameworks */,
				962373C32479CC100002C75C /* libvidstab.a in Frameworks */,
				962373C42479CC100002C75C /* libvorbis.a in Frameworks */,
				962373982479CC100002C75C /* libchromaprint.a in Frameworks */,
				962373AD2479CC100002C75C /* libopenh264.a in Frameworks */,
				962373A62479CC100002C75C /* liblept.a in Frameworks */,
				962373992479CC100002C75C /* libexpat.a in Frameworks */,
				962373B92479CC100002C75C /* libsoxr.a in Frameworks */,
				962373AB2479CC100002C75C /* libopencore-amrnb.a in Frameworks */,
				9623739F2479CC100002C75C /* libgnutls.a in Frameworks */,
				962373B12479CC100002C75C /* librubberband.a in Frameworks */,
				962373CB2479CC100002C75C /* libwebpmux.a in Frameworks */,
				962373B22479CC100002C75C /* libsamplerate.a in Frameworks */,
				962373BB2479CC100002C75C /* libswscale.a in Frameworks */,
				962371FA2479A6B00002C75C /* libc++.tbd in Frameworks */,
				962371F82479A6A10002C75C /* libc.tbd in Frameworks */,
				962373CC2479CC100002C75C /* libx264.a in Frameworks */,
				962373B02479CC100002C75C /* libpng16.a in Frameworks */,
				962373A82479CC100002C75C /* libmpv.a in Frameworks */,
				962373A52479CC100002C75C /* libkvazaar.a in Frameworks */,
				962373972479CC100002C75C /* libavutil.a in Frameworks */,
				962373A42479CC100002C75C /* libjpeg.a in Frameworks */,
				962373CD2479CC100002C75C /* libxml2.a in Frameworks */,
				9623739A2479CC100002C75C /* libfontconfig.a in Frameworks */,
				962373C22479CC100002C75C /* libuchardet.a in Frameworks */,
				962373A72479CC100002C75C /* libmp3lame.a in Frameworks */,
				962373B42479CC100002C75C /* libSDL2_test.a in Frameworks */,
				962373912479CC100002C75C /* libaom.a in Frameworks */,
				962373922479CC100002C75C /* libass.a in Frameworks */,
				9623739C2479CC100002C75C /* libfribidi.a in Frameworks */,
				962371F62479A6960002C75C /* libc++abi.tbd in Frameworks */,
				962373BE2479CC100002C75C /* libtheoradec.a in Frameworks */,
				962373A12479CC100002C75C /* libharfbuzz.a in Frameworks */,
				9623739D2479CC100002C75C /* libgif.a in Frameworks */,
				962373BA2479CC100002C75C /* libswresample.a in Frameworks */,
				9623739B2479CC100002C75C /* libfreetype.a in Frameworks */,
				962373BD2479CC100002C75C /* libtheora.a in Frameworks */,
				962373962479CC100002C75C /* libavformat.a in Frameworks */,
				962373B52479CC100002C75C /* libSDL2main.a in Frameworks */,
				962373AC2479CC100002C75C /* libopencore-amrwb.a in Frameworks */,
				962373AA2479CC100002C75C /* libogg.a in Frameworks */,
				962373B82479CC100002C75C /* libsndfile.a in Frameworks */,
				962373C12479CC100002C75C /* libtwolame.a in Frameworks */,
				962373C52479CC100002C75C /* libvorbisenc.a in Frameworks */,
				962373CA2479CC100002C75C /* libwebpdemux.a in Frameworks */,
				962373A22479CC100002C75C /* libhogweed.a in Frameworks */,
				962373C82479CC100002C75C /* libwavpack.a in Frameworks */,
				962371F42479A6840002C75C /* libiconv.tbd in Frameworks */,
				962373C62479CC100002C75C /* libvorbisfile.a in Frameworks */,
				962373932479CC100002C75C /* libavcodec.a in Frameworks */,
				962373942479CC100002C75C /* libavdevice.a in Frameworks */,
				962373B32479CC100002C75C /* libSDL2.a in Frameworks */,
				962373B62479CC100002C75C /* libshine.a in Frameworks */,
				962373A92479CC100002C75C /* libnettle.a in Frameworks */,
				962373BC2479CC100002C75C /* libtesseract.a in Frameworks */,
				962371F22479A67B0002C75C /* libbz2.tbd in Frameworks */,
				962371F02479A6730002C75C /* libz.tbd in Frameworks */,
				962373C92479CC100002C75C /* libwebp.a in Frameworks */,
				962373BF2479CC100002C75C /* libtheoraenc.a in Frameworks */,
				962373C02479CC100002C75C /* libtiff.a in Frameworks */,
			);
			runOnlyForDeploymentPostprocessing = 0;
		};
/* End PBXFrameworksBuildPhase section */

/* Begin PBXGroup section */
		962370E12479A2EF0002C75C = {
			isa = PBXGroup;
			children = (
				962371E62479A4EF0002C75C /* MpvClientOGLView.h */,
				962371E72479A4EF0002C75C /* MpvClientOGLView.m */,
				962370ED2479A2EF0002C75C /* libmpvplayer */,
				962370EC2479A2EF0002C75C /* Products */,
				962371EA2479A6470002C75C /* Frameworks */,
			);
			sourceTree = "<group>";
		};
		962370EC2479A2EF0002C75C /* Products */ = {
			isa = PBXGroup;
			children = (
				962370EB2479A2EF0002C75C /* libMpvPlayer.framework */,
			);
			name = Products;
			sourceTree = "<group>";
		};
		962370ED2479A2EF0002C75C /* libmpvplayer */ = {
			isa = PBXGroup;
			children = (
				962373522479CC100002C75C /* libraries */,
				962370EE2479A2EF0002C75C /* libMpvPlayer.h */,
				9623734E2479C2DF0002C75C /* client.h */,
				9623734F2479C2DF0002C75C /* opengl_cb.h */,
				962370EF2479A2EF0002C75C /* Info.plist */,
			);
			path = libmpvplayer;
			sourceTree = "<group>";
		};
		962371EA2479A6470002C75C /* Frameworks */ = {
			isa = PBXGroup;
			children = (
				962372012479A6E20002C75C /* AudioToolbox.framework */,
				962371FF2479A6DA0002C75C /* VideoToolbox.framework */,
				962371FD2479A6CE0002C75C /* CoreMotion.framework */,
				962371FB2479A6BC0002C75C /* AVFoundation.framework */,
				962371F92479A6B00002C75C /* libc++.tbd */,
				962371F72479A6A10002C75C /* libc.tbd */,
				962371F52479A6960002C75C /* libc++abi.tbd */,
				962371F32479A6840002C75C /* libiconv.tbd */,
				962371F12479A67B0002C75C /* libbz2.tbd */,
				962371EF2479A6730002C75C /* libz.tbd */,
				962371ED2479A6600002C75C /* GameController.framework */,
				962371EB2479A6470002C75C /* Accelerate.framework */,
			);
			name = Frameworks;
			sourceTree = "<group>";
		};
		962373522479CC100002C75C /* libraries */ = {
			isa = PBXGroup;
			children = (
				962373532479CC100002C75C /* libaom.a */,
				962373542479CC100002C75C /* libass.a */,
				962373552479CC100002C75C /* libavcodec.a */,
				962373562479CC100002C75C /* libavdevice.a */,
				962373572479CC100002C75C /* libavfilter.a */,
				962373582479CC100002C75C /* libavformat.a */,
				962373592479CC100002C75C /* libavutil.a */,
				9623735A2479CC100002C75C /* libchromaprint.a */,
				9623735B2479CC100002C75C /* libexpat.a */,
				9623735C2479CC100002C75C /* libfontconfig.a */,
				9623735D2479CC100002C75C /* libfreetype.a */,
				9623735E2479CC100002C75C /* libfribidi.a */,
				9623735F2479CC100002C75C /* libgif.a */,
				962373602479CC100002C75C /* libgmp.a */,
				962373612479CC100002C75C /* libgnutls.a */,
				962373622479CC100002C75C /* libgnutlsxx.a */,
				962373632479CC100002C75C /* libharfbuzz.a */,
				962373642479CC100002C75C /* libhogweed.a */,
				962373652479CC100002C75C /* libilbc.a */,
				962373662479CC100002C75C /* libjpeg.a */,
				962373672479CC100002C75C /* libkvazaar.a */,
				962373682479CC100002C75C /* liblept.a */,
				962373692479CC100002C75C /* libmp3lame.a */,
				9623736A2479CC100002C75C /* libmpv.a */,
				9623736B2479CC100002C75C /* libnettle.a */,
				9623736C2479CC100002C75C /* libogg.a */,
				9623736D2479CC100002C75C /* libopencore-amrnb.a */,
				9623736E2479CC100002C75C /* libopencore-amrwb.a */,
				9623736F2479CC100002C75C /* libopenh264.a */,
				962373702479CC100002C75C /* libopus.a */,
				962373712479CC100002C75C /* libpng.a */,
				962373722479CC100002C75C /* libpng16.a */,
				962373732479CC100002C75C /* librubberband.a */,
				962373742479CC100002C75C /* libsamplerate.a */,
				962373752479CC100002C75C /* libSDL2.a */,
				962373762479CC100002C75C /* libSDL2_test.a */,
				962373772479CC100002C75C /* libSDL2main.a */,
				962373782479CC100002C75C /* libshine.a */,
				962373792479CC100002C75C /* libsnappy.a */,
				9623737A2479CC100002C75C /* libsndfile.a */,
				9623737B2479CC100002C75C /* libsoxr.a */,
				9623737C2479CC100002C75C /* libswresample.a */,
				9623737D2479CC100002C75C /* libswscale.a */,
				9623737E2479CC100002C75C /* libtesseract.a */,
				9623737F2479CC100002C75C /* libtheora.a */,
				962373802479CC100002C75C /* libtheoradec.a */,
				962373812479CC100002C75C /* libtheoraenc.a */,
				962373822479CC100002C75C /* libtiff.a */,
				962373832479CC100002C75C /* libtwolame.a */,
				962373842479CC100002C75C /* libuchardet.a */,
				962373852479CC100002C75C /* libvidstab.a */,
				962373862479CC100002C75C /* libvorbis.a */,
				962373872479CC100002C75C /* libvorbisenc.a */,
				962373882479CC100002C75C /* libvorbisfile.a */,
				962373892479CC100002C75C /* libvpx.a */,
				9623738A2479CC100002C75C /* libwavpack.a */,
				9623738B2479CC100002C75C /* libwebp.a */,
				9623738C2479CC100002C75C /* libwebpdemux.a */,
				9623738D2479CC100002C75C /* libwebpmux.a */,
				9623738E2479CC100002C75C /* libx264.a */,
				9623738F2479CC100002C75C /* libxml2.a */,
				962373902479CC100002C75C /* libxvidcore.a */,
			);
			path = libraries;
			sourceTree = "<group>";
		};
/* End PBXGroup section */

/* Begin PBXHeadersBuildPhase section */
		962370E62479A2EF0002C75C /* Headers */ = {
			isa = PBXHeadersBuildPhase;
			buildActionMask = 2147483647;
			files = (
				962373502479C2DF0002C75C /* client.h in Headers */,
				962370F02479A2EF0002C75C /* libMpvPlayer.h in Headers */,
				962373512479C2DF0002C75C /* opengl_cb.h in Headers */,
				962371E82479A4EF0002C75C /* MpvClientOGLView.h in Headers */,
			);
			runOnlyForDeploymentPostprocessing = 0;
		};
/* End PBXHeadersBuildPhase section */

/* Begin PBXNativeTarget section */
		962370EA2479A2EF0002C75C /* libMpvPlayer */ = {
			isa = PBXNativeTarget;
			buildConfigurationList = 962370F32479A2EF0002C75C /* Build configuration list for PBXNativeTarget "libMpvPlayer" */;
			buildPhases = (
				962370E62479A2EF0002C75C /* Headers */,
				962370E72479A2EF0002C75C /* Sources */,
				962370E82479A2EF0002C75C /* Frameworks */,
				962370E92479A2EF0002C75C /* Resources */,
			);
			buildRules = (
			);
			dependencies = (
			);
			name = libMpvPlayer;
			productName = libMpvPlayer;
			productReference = 962370EB2479A2EF0002C75C /* libMpvPlayer.framework */;
			productType = "com.apple.product-type.framework";
		};
/* End PBXNativeTarget section */

/* Begin PBXProject section */
		962370E22479A2EF0002C75C /* Project object */ = {
			isa = PBXProject;
			attributes = {
				LastUpgradeCheck = 1140;
				ORGANIZATIONNAME = "Anton Yagov";
				TargetAttributes = {
					962370EA2479A2EF0002C75C = {
						CreatedOnToolsVersion = 11.4;
					};
				};
			};
			buildConfigurationList = 962370E52479A2EF0002C75C /* Build configuration list for PBXProject "libMpvPlayer" */;
			compatibilityVersion = "Xcode 9.3";
			developmentRegion = en;
			hasScannedForEncodings = 0;
			knownRegions = (
				en,
				Base,
			);
			mainGroup = 962370E12479A2EF0002C75C;
			productRefGroup = 962370EC2479A2EF0002C75C /* Products */;
			projectDirPath = "";
			projectRoot = "";
			targets = (
				962370EA2479A2EF0002C75C /* libMpvPlayer */,
			);
		};
/* End PBXProject section */

/* Begin PBXResourcesBuildPhase section */
		962370E92479A2EF0002C75C /* Resources */ = {
			isa = PBXResourcesBuildPhase;
			buildActionMask = 2147483647;
			files = (
			);
			runOnlyForDeploymentPostprocessing = 0;
		};
/* End PBXResourcesBuildPhase section */

/* Begin PBXSourcesBuildPhase section */
		962370E72479A2EF0002C75C /* Sources */ = {
			isa = PBXSourcesBuildPhase;
			buildActionMask = 2147483647;
			files = (
				962371E92479A4EF0002C75C /* MpvClientOGLView.m in Sources */,
			);
			runOnlyForDeploymentPostprocessing = 0;
		};
/* End PBXSourcesBuildPhase section */

/* Begin XCBuildConfiguration section */
		962370F12479A2EF0002C75C /* Debug */ = {
			isa = XCBuildConfiguration;
			buildSettings = {
				ALWAYS_SEARCH_USER_PATHS = NO;
				CLANG_ANALYZER_NONNULL = YES;
				CLANG_ANALYZER_NUMBER_OBJECT_CONVERSION = YES_AGGRESSIVE;
				CLANG_CXX_LANGUAGE_STANDARD = "gnu++14";
				CLANG_CXX_LIBRARY = "libc++";
				CLANG_ENABLE_MODULES = YES;
				CLANG_ENABLE_OBJC_ARC = YES;
				CLANG_ENABLE_OBJC_WEAK = YES;
				CLANG_WARN_BLOCK_CAPTURE_AUTORELEASING = YES;
				CLANG_WARN_BOOL_CONVERSION = YES;
				CLANG_WARN_COMMA = YES;
				CLANG_WARN_CONSTANT_CONVERSION = YES;
				CLANG_WARN_DEPRECATED_OBJC_IMPLEMENTATIONS = YES;
				CLANG_WARN_DIRECT_OBJC_ISA_USAGE = YES_ERROR;
				CLANG_WARN_DOCUMENTATION_COMMENTS = YES;
				CLANG_WARN_EMPTY_BODY = YES;
				CLANG_WARN_ENUM_CONVERSION = YES;
				CLANG_WARN_INFINITE_RECURSION = YES;
				CLANG_WARN_INT_CONVERSION = YES;
				CLANG_WARN_NON_LITERAL_NULL_CONVERSION = YES;
				CLANG_WARN_OBJC_IMPLICIT_RETAIN_SELF = YES;
				CLANG_WARN_OBJC_LITERAL_CONVERSION = YES;
				CLANG_WARN_OBJC_ROOT_CLASS = YES_ERROR;
				CLANG_WARN_RANGE_LOOP_ANALYSIS = YES;
				CLANG_WARN_STRICT_PROTOTYPES = YES;
				CLANG_WARN_SUSPICIOUS_MOVE = YES;
				CLANG_WARN_UNGUARDED_AVAILABILITY = YES_AGGRESSIVE;
				CLANG_WARN_UNREACHABLE_CODE = YES;
				CLANG_WARN__DUPLICATE_METHOD_MATCH = YES;
				COPY_PHASE_STRIP = NO;
				CURRENT_PROJECT_VERSION = 1;
				DEBUG_INFORMATION_FORMAT = dwarf;
				ENABLE_STRICT_OBJC_MSGSEND = YES;
				ENABLE_TESTABILITY = YES;
				GCC_C_LANGUAGE_STANDARD = gnu11;
				GCC_DYNAMIC_NO_PIC = NO;
				GCC_NO_COMMON_BLOCKS = YES;
				GCC_OPTIMIZATION_LEVEL = 0;
				GCC_PREPROCESSOR_DEFINITIONS = (
					"DEBUG=1",
					"$(inherited)",
				);
				GCC_WARN_64_TO_32_BIT_CONVERSION = YES;
				GCC_WARN_ABOUT_RETURN_TYPE = YES_ERROR;
				GCC_WARN_UNDECLARED_SELECTOR = YES;
				GCC_WARN_UNINITIALIZED_AUTOS = YES_AGGRESSIVE;
				GCC_WARN_UNUSED_FUNCTION = YES;
				GCC_WARN_UNUSED_VARIABLE = YES;
				IPHONEOS_DEPLOYMENT_TARGET = 13.4;
				MTL_ENABLE_DEBUG_INFO = INCLUDE_SOURCE;
				MTL_FAST_MATH = YES;
				ONLY_ACTIVE_ARCH = YES;
				SDKROOT = iphoneos;
				VERSIONING_SYSTEM = "apple-generic";
				VERSION_INFO_PREFIX = "";
			};
			name = Debug;
		};
		962370F22479A2EF0002C75C /* Release */ = {
			isa = XCBuildConfiguration;
			buildSettings = {
				ALWAYS_SEARCH_USER_PATHS = NO;
				CLANG_ANALYZER_NONNULL = YES;
				CLANG_ANALYZER_NUMBER_OBJECT_CONVERSION = YES_AGGRESSIVE;
				CLANG_CXX_LANGUAGE_STANDARD = "gnu++14";
				CLANG_CXX_LIBRARY = "libc++";
				CLANG_ENABLE_MODULES = YES;
				CLANG_ENABLE_OBJC_ARC = YES;
				CLANG_ENABLE_OBJC_WEAK = YES;
				CLANG_WARN_BLOCK_CAPTURE_AUTORELEASING = YES;
				CLANG_WARN_BOOL_CONVERSION = YES;
				CLANG_WARN_COMMA = YES;
				CLANG_WARN_CONSTANT_CONVERSION = YES;
				CLANG_WARN_DEPRECATED_OBJC_IMPLEMENTATIONS = YES;
				CLANG_WARN_DIRECT_OBJC_ISA_USAGE = YES_ERROR;
				CLANG_WARN_DOCUMENTATION_COMMENTS = YES;
				CLANG_WARN_EMPTY_BODY = YES;
				CLANG_WARN_ENUM_CONVERSION = YES;
				CLANG_WARN_INFINITE_RECURSION = YES;
				CLANG_WARN_INT_CONVERSION = YES;
				CLANG_WARN_NON_LITERAL_NULL_CONVERSION = YES;
				CLANG_WARN_OBJC_IMPLICIT_RETAIN_SELF = YES;
				CLANG_WARN_OBJC_LITERAL_CONVERSION = YES;
				CLANG_WARN_OBJC_ROOT_CLASS = YES_ERROR;
				CLANG_WARN_RANGE_LOOP_ANALYSIS = YES;
				CLANG_WARN_STRICT_PROTOTYPES = YES;
				CLANG_WARN_SUSPICIOUS_MOVE = YES;
				CLANG_WARN_UNGUARDED_AVAILABILITY = YES_AGGRESSIVE;
				CLANG_WARN_UNREACHABLE_CODE = YES;
				CLANG_WARN__DUPLICATE_METHOD_MATCH = YES;
				COPY_PHASE_STRIP = NO;
				CURRENT_PROJECT_VERSION = 1;
				DEBUG_INFORMATION_FORMAT = "dwarf-with-dsym";
				ENABLE_NS_ASSERTIONS = NO;
				ENABLE_STRICT_OBJC_MSGSEND = YES;
				GCC_C_LANGUAGE_STANDARD = gnu11;
				GCC_NO_COMMON_BLOCKS = YES;
				GCC_WARN_64_TO_32_BIT_CONVERSION = YES;
				GCC_WARN_ABOUT_RETURN_TYPE = YES_ERROR;
				GCC_WARN_UNDECLARED_SELECTOR = YES;
				GCC_WARN_UNINITIALIZED_AUTOS = YES_AGGRESSIVE;
				GCC_WARN_UNUSED_FUNCTION = YES;
				GCC_WARN_UNUSED_VARIABLE = YES;
				IPHONEOS_DEPLOYMENT_TARGET = 13.4;
				MTL_ENABLE_DEBUG_INFO = NO;
				MTL_FAST_MATH = YES;
				SDKROOT = iphoneos;
				VALIDATE_PRODUCT = YES;
				VERSIONING_SYSTEM = "apple-generic";
				VERSION_INFO_PREFIX = "";
			};
			name = Release;
		};
		962370F42479A2EF0002C75C /* Debug */ = {
			isa = XCBuildConfiguration;
			buildSettings = {
				ARCHS = "$(ARCHS_STANDARD)";
				CODE_SIGN_STYLE = Automatic;
				DEFINES_MODULE = YES;
				DEVELOPMENT_TEAM = 6ULV8VJGJ9;
				DYLIB_COMPATIBILITY_VERSION = 1;
				DYLIB_CURRENT_VERSION = 1;
				DYLIB_INSTALL_NAME_BASE = "@rpath";
				INFOPLIST_FILE = libMpvPlayer/Info.plist;
				INSTALL_PATH = "$(LOCAL_LIBRARY_DIR)/Frameworks";
				IPHONEOS_DEPLOYMENT_TARGET = 13.0;
				LD_RUNPATH_SEARCH_PATHS = (
					"$(inherited)",
					"@executable_path/Frameworks",
					"@loader_path/Frameworks",
				);
				LIBRARY_SEARCH_PATHS = (
					"$(inherited)",
					"$(PROJECT_DIR)/libmpvplayer/libraries",
				);
				OTHER_LIBTOOLFLAGS = "";
				PRODUCT_BUNDLE_IDENTIFIER = com.goldlancer.libMpvPlayer;
				PRODUCT_NAME = "$(TARGET_NAME:c99extidentifier)";
				SKIP_INSTALL = YES;
				TARGETED_DEVICE_FAMILY = "1,2";
			};
			name = Debug;
		};
		962370F52479A2EF0002C75C /* Release */ = {
			isa = XCBuildConfiguration;
			buildSettings = {
				ARCHS = "$(ARCHS_STANDARD)";
				CODE_SIGN_STYLE = Automatic;
				DEFINES_MODULE = YES;
				DEVELOPMENT_TEAM = 6ULV8VJGJ9;
				DYLIB_COMPATIBILITY_VERSION = 1;
				DYLIB_CURRENT_VERSION = 1;
				DYLIB_INSTALL_NAME_BASE = "@rpath";
				INFOPLIST_FILE = libMpvPlayer/Info.plist;
				INSTALL_PATH = "$(LOCAL_LIBRARY_DIR)/Frameworks";
				IPHONEOS_DEPLOYMENT_TARGET = 13.0;
				LD_RUNPATH_SEARCH_PATHS = (
					"$(inherited)",
					"@executable_path/Frameworks",
					"@loader_path/Frameworks",
				);
				LIBRARY_SEARCH_PATHS = (
					"$(inherited)",
					"$(PROJECT_DIR)/libmpvplayer/libraries",
				);
				ONLY_ACTIVE_ARCH = YES;
				OTHER_LIBTOOLFLAGS = "";
				PRODUCT_BUNDLE_IDENTIFIER = com.goldlancer.libMpvPlayer;
				PRODUCT_NAME = "$(TARGET_NAME:c99extidentifier)";
				SKIP_INSTALL = YES;
				TARGETED_DEVICE_FAMILY = "1,2";
			};
			name = Release;
		};
/* End XCBuildConfiguration section */

/* Begin XCConfigurationList section */
		962370E52479A2EF0002C75C /* Build configuration list for PBXProject "libMpvPlayer" */ = {
			isa = XCConfigurationList;
			buildConfigurations = (
				962370F12479A2EF0002C75C /* Debug */,
				962370F22479A2EF0002C75C /* Release */,
			);
			defaultConfigurationIsVisible = 0;
			defaultConfigurationName = Release;
		};
		962370F32479A2EF0002C75C /* Build configuration list for PBXNativeTarget "libMpvPlayer" */ = {
			isa = XCConfigurationList;
			buildConfigurations = (
				962370F42479A2EF0002C75C /* Debug */,
				962370F52479A2EF0002C75C /* Release */,
			);
			defaultConfigurationIsVisible = 0;
			defaultConfigurationName = Release;
		};
/* End XCConfigurationList section */
	};
	rootObject = 962370E22479A2EF0002C75C /* Project object */;
}
